
Microsoft Visual Studio Solution File, Format Version 12.00
# Visual Studio 15
VisualStudioVersion = 15.0.26730.8
MinimumVisualStudioVersion = 10.0.40219.1
Project("{FAE04EC0-301F-11D3-BF4B-00C04F79EFBC}") = "WebApp", "WebApp\WebApp.csproj", "{BF51BC65-CEF7-46BA-B3CF-2B27667E5D76}"
EndProject
Global
	GlobalSection(SolutionConfigurationPlatforms) = preSolution
		Debug|Any CPU = Debug|Any CPU
		Release|Any CPU = Release|Any CPU
	EndGlobalSection
	GlobalSection(ProjectConfigurationPlatforms) = postSolution
		{BF51BC65-CEF7-46BA-B3CF-2B27667E5D76}.Debug|Any CPU.ActiveCfg = Debug|Any CPU
		{BF51BC65-CEF7-46BA-B3CF-2B27667E5D76}.Debug|Any CPU.Build.0 = Debug|Any CPU
		{BF51BC65-CEF7-46BA-B3CF-2B27667E5D76}.Release|Any CPU.ActiveCfg = Release|Any CPU
		{BF51BC65-CEF7-46BA-B3CF-2B27667E5D76}.Release|Any CPU.Build.0 = Release|Any CPU
	EndGlobalSection
	GlobalSection(SolutionProperties) = preSolution
		HideSolutionNode = FALSE
	EndGlobalSection
	GlobalSection(ExtensibilityGlobals) = postSolution
		SolutionGuid = {FE6C6661-ADE7-4336-B9E5-761B9F4C1437}
	EndGlobalSection
EndGlobal
